github.com/Unknwon/goconfig v0.0.0-20200908083735-df7de6a44db8 h1:1TrMV1HmBApBbM+Hy7RCKZD6UlYWYIPPfoeXomG7+zE=
github.com/Unknwon/goconfig v0.0.0-20200908083735-df7de6a44db8/go.mod h1:wngxua9XCNjvHjDiTiV26DaKDT+0c63QR6H5hjVUUxw=
github.com/tencentyun/scf-go-lib v0.0.0-20200624065115-ba679e2ec9c9 h1:JdeXp/XPi7lBmpQNSUxElMAvwppMlFSiamTtXYRFuUc=
github.com/tencentyun/scf-go-lib v0.0.0-20200624065115-ba679e2ec9c9/go.mod h1:K3DbqPpP2WE/9MWokWWzgFZcbgtMb9Wd5CYk9AAbEN8=
gopkg.in/alexcesaro/quotedprintable.v3 v3.0.0-20150716171945-2caba252f4dc/go.mod h1:m7x9LTH6d71AHyAX77c9yqWCCa3UKHcVEj9y7hAtKDk=
